// !$*UTF8*$!
{
	archiveVersion = 1;
	classes = {
	};
	objectVersion = 56;
	objects = {

/* Begin PBXBuildFile section */
		1191A1322B7202B2005CD4F5 /* AppDelegate.swift in Sources */ = {isa = PBXBuildFile; fileRef = 1191A1312B7202B2005CD4F5 /* AppDelegate.swift */; };
		1191A1342B7202B2005CD4F5 /* SceneDelegate.swift in Sources */ = {isa = PBXBuildFile; fileRef = 1191A1332B7202B2005CD4F5 /* SceneDelegate.swift */; };
		1191A1362B7202B2005CD4F5 /* ItemViewController.swift in Sources */ = {isa = PBXBuildFile; fileRef = 1191A1352B7202B2005CD4F5 /* ItemViewController.swift */; };
		1191A1392B7202B2005CD4F5 /* Main.storyboard in Resources */ = {isa = PBXBuildFile; fileRef = 1191A1372B7202B2005CD4F5 /* Main.storyboard */; };
		1191A13B2B7202B5005CD4F5 /* Assets.xcassets in Resources */ = {isa = PBXBuildFile; fileRef = 1191A13A2B7202B5005CD4F5 /* Assets.xcassets */; };
		1191A13E2B7202B5005CD4F5 /* LaunchScreen.storyboard in Resources */ = {isa = PBXBuildFile; fileRef = 1191A13C2B7202B5005CD4F5 /* LaunchScreen.storyboard */; };
		1191A1492B72030D005CD4F5 /* Item.swift in Sources */ = {isa = PBXBuildFile; fileRef = 1191A1482B72030D005CD4F5 /* Item.swift */; };
		1191A1522B720BB5005CD4F5 /* ItemCell.swift in Sources */ = {isa = PBXBuildFile; fileRef = 1191A1502B720BB5005CD4F5 /* ItemCell.swift */; };
		1191A1532B720BB5005CD4F5 /* ItemCell.xib in Resources */ = {isa = PBXBuildFile; fileRef = 1191A1512B720BB5005CD4F5 /* ItemCell.xib */; };
		11956E6D2B72877C007A7C95 /* Connection.swift in Sources */ = {isa = PBXBuildFile; fileRef = 11956E6C2B72877C007A7C95 /* Connection.swift */; };
/* End PBXBuildFile section */

/* Begin PBXFileReference section */
		1191A12E2B7202B2005CD4F5 /* SampleMVC.app */ = {isa = PBXFileReference; explicitFileType = wrapper.application; includeInIndex = 0; path = SampleMVC.app; sourceTree = BUILT_PRODUCTS_DIR; };
		1191A1312B7202B2005CD4F5 /* AppDelegate.swift */ = {isa = PBXFileReference; lastKnownFileType = sourcecode.swift; path = AppDelegate.swift; sourceTree = "<group>"; };
		1191A1332B7202B2005CD4F5 /* SceneDelegate.swift */ = {isa = PBXFileReference; lastKnownFileType = sourcecode.swift; path = SceneDelegate.swift; sourceTree = "<group>"; };
		1191A1352B7202B2005CD4F5 /* ItemViewController.swift */ = {isa = PBXFileReference; lastKnownFileType = sourcecode.swift; path = ItemViewController.swift; sourceTree = "<group>"; };
		1191A1382B7202B2005CD4F5 /* Base */ = {isa = PBXFileReference; lastKnownFileType = file.storyboard; name = Base; path = Base.lproj/Main.storyboard; sourceTree = "<group>"; };
		1191A13A2B7202B5005CD4F5 /* Assets.xcassets */ = {isa = PBXFileReference; lastKnownFileType = folder.assetcatalog; path = Assets.xcassets; sourceTree = "<group>"; };
		1191A13D2B7202B5005CD4F5 /* Base */ = {isa = PBXFileReference; lastKnownFileType = file.storyboard; name = Base; path = Base.lproj/LaunchScreen.storyboard; sourceTree = "<group>"; };
		1191A13F2B7202B5005CD4F5 /* Info.plist */ = {isa = PBXFileReference; lastKnownFileType = text.plist.xml; path = Info.plist; sourceTree = "<group>"; };
		1191A1482B72030D005CD4F5 /* Item.swift */ = {isa = PBXFileReference; lastKnownFileType = sourcecode.swift; path = Item.swift; sourceTree = "<group>"; };
		1191A1502B720BB5005CD4F5 /* ItemCell.swift */ = {isa = PBXFileReference; lastKnownFileType = sourcecode.swift; path = ItemCell.swift; sourceTree = "<group>"; };
		1191A1512B720BB5005CD4F5 /* ItemCell.xib */ = {isa = PBXFileReference; lastKnownFileType = file.xib; path = ItemCell.xib; sourceTree = "<group>"; };
		11956E6C2B72877C007A7C95 /* Connection.swift */ = {isa = PBXFileReference; lastKnownFileType = sourcecode.swift; path = Connection.swift; sourceTree = "<group>"; };
/* End PBXFileReference section */

/* Begin PBXFrameworksBuildPhase section */
		1191A12B2B7202B2005CD4F5 /* Frameworks */ = {
			isa = PBXFrameworksBuildPhase;
			buildActionMask = 2147483647;
			files = (
			);
			runOnlyForDeploymentPostprocessing = 0;
		};
/* End PBXFrameworksBuildPhase section */

/* Begin PBXGroup section */
		1191A1252B7202B2005CD4F5 = {
			isa = PBXGroup;
			children = (
				1191A1302B7202B2005CD4F5 /* SampleMVC */,
				1191A12F2B7202B2005CD4F5 /* Products */,
			);
			sourceTree = "<group>";
		};
		1191A12F2B7202B2005CD4F5 /* Products */ = {
			isa = PBXGroup;
			children = (
				1191A12E2B7202B2005CD4F5 /* SampleMVC.app */,
			);
			name = Products;
			sourceTree = "<group>";
		};
		1191A1302B7202B2005CD4F5 /* SampleMVC */ = {
			isa = PBXGroup;
			children = (
				11956E6C2B72877C007A7C95 /* Connection.swift */,
				1191A1472B7202DB005CD4F5 /* Controller */,
				1191A1462B7202D3005CD4F5 /* View */,
				1191A1452B7202CC005CD4F5 /* Model */,
				1191A1312B7202B2005CD4F5 /* AppDelegate.swift */,
				1191A1332B7202B2005CD4F5 /* SceneDelegate.swift */,
				1191A1372B7202B2005CD4F5 /* Main.storyboard */,
				1191A13A2B7202B5005CD4F5 /* Assets.xcassets */,
				1191A13C2B7202B5005CD4F5 /* LaunchScreen.storyboard */,
				1191A13F2B7202B5005CD4F5 /* Info.plist */,
			);
			path = SampleMVC;
			sourceTree = "<group>";
		};
		1191A1452B7202CC005CD4F5 /* Model */ = {
			isa = PBXGroup;
			children = (
				1191A1482B72030D005CD4F5 /* Item.swift */,
			);
			path = Model;
			sourceTree = "<group>";
		};
		1191A1462B7202D3005CD4F5 /* View */ = {
			isa = PBXGroup;
			children = (
				1191A1502B720BB5005CD4F5 /* ItemCell.swift */,
				1191A1512B720BB5005CD4F5 /* ItemCell.xib */,
			);
			path = View;
			sourceTree = "<group>";
		};
		1191A1472B7202DB005CD4F5 /* Controller */ = {
			isa = PBXGroup;
			children = (
				1191A1352B7202B2005CD4F5 /* ItemViewController.swift */,
			);
			path = Controller;
			sourceTree = "<group>";
		};
/* End PBXGroup section */

/* Begin PBXNativeTarget section */
		1191A12D2B7202B2005CD4F5 /* SampleMVC */ = {
			isa = PBXNativeTarget;
			buildConfigurationList = 1191A1422B7202B5005CD4F5 /* Build configuration list for PBXNativeTarget "SampleMVC" */;
			buildPhases = (
				1191A12A2B7202B2005CD4F5 /* Sources */,
				1191A12B2B7202B2005CD4F5 /* Frameworks */,
				1191A12C2B7202B2005CD4F5 /* Resources */,
			);
			buildRules = (
			);
			dependencies = (
			);
			name = SampleMVC;
			productName = SampleMVC;
			productReference = 1191A12E2B7202B2005CD4F5 /* SampleMVC.app */;
			productType = "com.apple.product-type.application";
		};
/* End PBXNativeTarget section */

/* Begin PBXProject section */
		1191A1262B7202B2005CD4F5 /* Project object */ = {
			isa = PBXProject;
			attributes = {
				BuildIndependentTargetsInParallel = 1;
				LastSwiftUpdateCheck = 1420;
				LastUpgradeCheck = 1420;
				TargetAttributes = {
					1191A12D2B7202B2005CD4F5 = {
						CreatedOnToolsVersion = 14.2;
					};
				};
			};
			buildConfigurationList = 1191A1292B7202B2005CD4F5 /* Build configuration list for PBXProject "SampleMVC" */;
			compatibilityVersion = "Xcode 14.0";
			developmentRegion = en;
			hasScannedForEncodings = 0;
			knownRegions = (
				en,
				Base,
			);
			mainGroup = 1191A1252B7202B2005CD4F5;
			productRefGroup = 1191A12F2B7202B2005CD4F5 /* Products */;
			projectDirPath = "";
			projectRoot = "";
			targets = (
				1191A12D2B7202B2005CD4F5 /* SampleMVC */,
			);
		};
/* End PBXProject section */

/* Begin PBXResourcesBuildPhase section */
		1191A12C2B7202B2005CD4F5 /* Resources */ = {
			isa = PBXResourcesBuildPhase;
			buildActionMask = 2147483647;
			files = (
				1191A1532B720BB5005CD4F5 /* ItemCell.xib in Resources */,
				1191A13E2B7202B5005CD4F5 /* LaunchScreen.storyboard in Resources */,
				1191A13B2B7202B5005CD4F5 /* Assets.xcassets in Resources */,
				1191A1392B7202B2005CD4F5 /* Main.storyboard in Resources */,
			);
			runOnlyForDeploymentPostprocessing = 0;
		};
/* End PBXResourcesBuildPhase section */

/* Begin PBXSourcesBuildPhase section */
		1191A12A2B7202B2005CD4F5 /* Sources */ = {
			isa = PBXSourcesBuildPhase;
			buildActionMask = 2147483647;
			files = (
				1191A1492B72030D005CD4F5 /* Item.swift in Sources */,
				11956E6D2B72877C007A7C95 /* Connection.swift in Sources */,
				1191A1362B7202B2005CD4F5 /* ItemViewController.swift in Sources */,
				1191A1322B7202B2005CD4F5 /* AppDelegate.swift in Sources */,
				1191A1342B7202B2005CD4F5 /* SceneDelegate.swift in Sources */,
				1191A1522B720BB5005CD4F5 /* ItemCell.swift in Sources */,
			);
			runOnlyForDeploymentPostprocessing = 0;
		};
/* End PBXSourcesBuildPhase section */

/* Begin PBXVariantGroup section */
		1191A1372B7202B2005CD4F5 /* Main.storyboard */ = {
			isa = PBXVariantGroup;
			children = (
				1191A1382B7202B2005CD4F5 /* Base */,
			);
			name = Main.storyboard;
			sourceTree = "<group>";
		};
		1191A13C2B7202B5005CD4F5 /* LaunchScreen.storyboard */ = {
			isa = PBXVariantGroup;
			children = (
				1191A13D2B7202B5005CD4F5 /* Base */,
			);
			name = LaunchScreen.storyboard;
			sourceTree = "<group>";
		};
/* End PBXVariantGroup section */

/* Begin XCBuildConfiguration section */
		1191A1402B7202B5005CD4F5 /* Debug */ = {
			isa = XCBuildConfiguration;
			buildSettings = {
				ALWAYS_SEARCH_USER_PATHS = NO;
				CLANG_ANALYZER_NONNULL = YES;
				CLANG_ANALYZER_NUMBER_OBJECT_CONVERSION = YES_AGGRESSIVE;
				CLANG_CXX_LANGUAGE_STANDARD = "gnu++20";
				CLANG_ENABLE_MODULES = YES;
				CLANG_ENABLE_OBJC_ARC = YES;
				CLANG_ENABLE_OBJC_WEAK = YES;
				CLANG_WARN_BLOCK_CAPTURE_AUTORELEASING = YES;
				CLANG_WARN_BOOL_CONVERSION = YES;
				CLANG_WARN_COMMA = YES;
				CLANG_WARN_CONSTANT_CONVERSION = YES;
				CLANG_WARN_DEPRECATED_OBJC_IMPLEMENTATIONS = YES;
				CLANG_WARN_DIRECT_OBJC_ISA_USAGE = YES_ERROR;
				CLANG_WARN_DOCUMENTATION_COMMENTS = YES;
				CLANG_WARN_EMPTY_BODY = YES;
				CLANG_WARN_ENUM_CONVERSION = YES;
				CLANG_WARN_INFINITE_RECURSION = YES;
				CLANG_WARN_INT_CONVERSION = YES;
				CLANG_WARN_NON_LITERAL_NULL_CONVERSION = YES;
				CLANG_WARN_OBJC_IMPLICIT_RETAIN_SELF = YES;
				CLANG_WARN_OBJC_LITERAL_CONVERSION = YES;
				CLANG_WARN_OBJC_ROOT_CLASS = YES_ERROR;
				CLANG_WARN_QUOTED_INCLUDE_IN_FRAMEWORK_HEADER = YES;
				CLANG_WARN_RANGE_LOOP_ANALYSIS = YES;
				CLANG_WARN_STRICT_PROTOTYPES = YES;
				CLANG_WARN_SUSPICIOUS_MOVE = YES;
				CLANG_WARN_UNGUARDED_AVAILABILITY = YES_AGGRESSIVE;
				CLANG_WARN_UNREACHABLE_CODE = YES;
				CLANG_WARN__DUPLICATE_METHOD_MATCH = YES;
				COPY_PHASE_STRIP = NO;
				DEBUG_INFORMATION_FORMAT = dwarf;
				ENABLE_STRICT_OBJC_MSGSEND = YES;
				ENABLE_TESTABILITY = YES;
				GCC_C_LANGUAGE_STANDARD = gnu11;
				GCC_DYNAMIC_NO_PIC = NO;
				GCC_NO_COMMON_BLOCKS = YES;
				GCC_OPTIMIZATION_LEVEL = 0;
				GCC_PREPROCESSOR_DEFINITIONS = (
					"DEBUG=1",
					"$(inherited)",
				);
				GCC_WARN_64_TO_32_BIT_CONVERSION = YES;
				GCC_WARN_ABOUT_RETURN_TYPE = YES_ERROR;
				GCC_WARN_UNDECLARED_SELECTOR = YES;
				GCC_WARN_UNINITIALIZED_AUTOS = YES_AGGRESSIVE;
				GCC_WARN_UNUSED_FUNCTION = YES;
				GCC_WARN_UNUSED_VARIABLE = YES;
				IPHONEOS_DEPLOYMENT_TARGET = 16.2;
				MTL_ENABLE_DEBUG_INFO = INCLUDE_SOURCE;
				MTL_FAST_MATH = YES;
				ONLY_ACTIVE_ARCH = YES;
				SDKROOT = iphoneos;
				SWIFT_ACTIVE_COMPILATION_CONDITIONS = DEBUG;
				SWIFT_OPTIMIZATION_LEVEL = "-Onone";
			};
			name = Debug;
		};
		1191A1412B7202B5005CD4F5 /* Release */ = {
			isa = XCBuildConfiguration;
			buildSettings = {
				ALWAYS_SEARCH_USER_PATHS = NO;
				CLANG_ANALYZER_NONNULL = YES;
				CLANG_ANALYZER_NUMBER_OBJECT_CONVERSION = YES_AGGRESSIVE;
				CLANG_CXX_LANGUAGE_STANDARD = "gnu++20";
				CLANG_ENABLE_MODULES = YES;
				CLANG_ENABLE_OBJC_ARC = YES;
				CLANG_ENABLE_OBJC_WEAK = YES;
				CLANG_WARN_BLOCK_CAPTURE_AUTORELEASING = YES;
				CLANG_WARN_BOOL_CONVERSION = YES;
				CLANG_WARN_COMMA = YES;
				CLANG_WARN_CONSTANT_CONVERSION = YES;
				CLANG_WARN_DEPRECATED_OBJC_IMPLEMENTATIONS = YES;
				CLANG_WARN_DIRECT_OBJC_ISA_USAGE = YES_ERROR;
				CLANG_WARN_DOCUMENTATION_COMMENTS = YES;
				CLANG_WARN_EMPTY_BODY = YES;
				CLANG_WARN_ENUM_CONVERSION = YES;
				CLANG_WARN_INFINITE_RECURSION = YES;
				CLANG_WARN_INT_CONVERSION = YES;
				CLANG_WARN_NON_LITERAL_NULL_CONVERSION = YES;
				CLANG_WARN_OBJC_IMPLICIT_RETAIN_SELF = YES;
				CLANG_WARN_OBJC_LITERAL_CONVERSION = YES;
				CLANG_WARN_OBJC_ROOT_CLASS = YES_ERROR;
				CLANG_WARN_QUOTED_INCLUDE_IN_FRAMEWORK_HEADER = YES;
				CLANG_WARN_RANGE_LOOP_ANALYSIS = YES;
				CLANG_WARN_STRICT_PROTOTYPES = YES;
				CLANG_WARN_SUSPICIOUS_MOVE = YES;
				CLANG_WARN_UNGUARDED_AVAILABILITY = YES_AGGRESSIVE;
				CLANG_WARN_UNREACHABLE_CODE = YES;
				CLANG_WARN__DUPLICATE_METHOD_MATCH = YES;
				COPY_PHASE_STRIP = NO;
				DEBUG_INFORMATION_FORMAT = "dwarf-with-dsym";
				ENABLE_NS_ASSERTIONS = NO;
				ENABLE_STRICT_OBJC_MSGSEND = YES;
				GCC_C_LANGUAGE_STANDARD = gnu11;
				GCC_NO_COMMON_BLOCKS = YES;
				GCC_WARN_64_TO_32_BIT_CONVERSION = YES;
				GCC_WARN_ABOUT_RETURN_TYPE = YES_ERROR;
				GCC_WARN_UNDECLARED_SELECTOR = YES;
				GCC_WARN_UNINITIALIZED_AUTOS = YES_AGGRESSIVE;
				GCC_WARN_UNUSED_FUNCTION = YES;
				GCC_WARN_UNUSED_VARIABLE = YES;
				IPHONEOS_DEPLOYMENT_TARGET = 16.2;
				MTL_ENABLE_DEBUG_INFO = NO;
				MTL_FAST_MATH = YES;
				SDKROOT = iphoneos;
				SWIFT_COMPILATION_MODE = wholemodule;
				SWIFT_OPTIMIZATION_LEVEL = "-O";
				VALIDATE_PRODUCT = YES;
			};
			name = Release;
		};
		1191A1432B7202B5005CD4F5 /* Debug */ = {
			isa = XCBuildConfiguration;
			buildSettings = {
				ASSETCATALOG_COMPILER_APPICON_NAME = AppIcon;
				ASSETCATALOG_COMPILER_GLOBAL_ACCENT_COLOR_NAME = AccentColor;
				CODE_SIGN_STYLE = Automatic;
				CURRENT_PROJECT_VERSION = 1;
				DEVELOPMENT_TEAM = 4G499H3HS9;
				GENERATE_INFOPLIST_FILE = YES;
				INFOPLIST_FILE = SampleMVC/Info.plist;
				INFOPLIST_KEY_CFBundleDisplayName = SampleMVC;
				INFOPLIST_KEY_UIApplicationSupportsIndirectInputEvents = YES;
				INFOPLIST_KEY_UILaunchStoryboardName = LaunchScreen;
				INFOPLIST_KEY_UIMainStoryboardFile = Main;
				INFOPLIST_KEY_UISupportedInterfaceOrientations_iPad = "UIInterfaceOrientationPortrait UIInterfaceOrientationPortraitUpsideDown UIInterfaceOrientationLandscapeLeft UIInterfaceOrientationLandscapeRight";
				INFOPLIST_KEY_UISupportedInterfaceOrientations_iPhone = "UIInterfaceOrientationPortrait UIInterfaceOrientationLandscapeLeft UIInterfaceOrientationLandscapeRight";
				LD_RUNPATH_SEARCH_PATHS = (
					"$(inherited)",
					"@executable_path/Frameworks",
				);
				MARKETING_VERSION = 1.0;
				PRODUCT_BUNDLE_IDENTIFIER = com.src.SampleMVC;
				PRODUCT_NAME = "$(TARGET_NAME)";
				SWIFT_EMIT_LOC_STRINGS = YES;
				SWIFT_VERSION = 5.0;
				TARGETED_DEVICE_FAMILY = "1,2";
			};
			name = Debug;
		};
		1191A1442B7202B5005CD4F5 /* Release */ = {
			isa = XCBuildConfiguration;
			buildSettings = {
				ASSETCATALOG_COMPILER_APPICON_NAME = AppIcon;
				ASSETCATALOG_COMPILER_GLOBAL_ACCENT_COLOR_NAME = AccentColor;
				CODE_SIGN_STYLE = Automatic;
				CURRENT_PROJECT_VERSION = 1;
				DEVELOPMENT_TEAM = 4G499H3HS9;
				GENERATE_INFOPLIST_FILE = YES;
				INFOPLIST_FILE = SampleMVC/Info.plist;
				INFOPLIST_KEY_CFBundleDisplayName = SampleMVC;
				INFOPLIST_KEY_UIApplicationSupportsIndirectInputEvents = YES;
				INFOPLIST_KEY_UILaunchStoryboardName = LaunchScreen;
				INFOPLIST_KEY_UIMainStoryboardFile = Main;
				INFOPLIST_KEY_UISupportedInterfaceOrientations_iPad = "UIInterfaceOrientationPortrait UIInterfaceOrientationPortraitUpsideDown UIInterfaceOrientationLandscapeLeft UIInterfaceOrientationLandscapeRight";
				INFOPLIST_KEY_UISupportedInterfaceOrientations_iPhone = "UIInterfaceOrientationPortrait UIInterfaceOrientationLandscapeLeft UIInterfaceOrientationLandscapeRight";
				LD_RUNPATH_SEARCH_PATHS = (
					"$(inherited)",
					"@executable_path/Frameworks",
				);
				MARKETING_VERSION = 1.0;
				PRODUCT_BUNDLE_IDENTIFIER = com.src.SampleMVC;
				PRODUCT_NAME = "$(TARGET_NAME)";
				SWIFT_EMIT_LOC_STRINGS = YES;
				SWIFT_VERSION = 5.0;
				TARGETED_DEVICE_FAMILY = "1,2";
			};
			name = Release;
		};
/* End XCBuildConfiguration section */

/* Begin XCConfigurationList section */
		1191A1292B7202B2005CD4F5 /* Build configuration list for PBXProject "SampleMVC" */ = {
			isa = XCConfigurationList;
			buildConfigurations = (
				1191A1402B7202B5005CD4F5 /* Debug */,
				1191A1412B7202B5005CD4F5 /* Release */,
			);
			defaultConfigurationIsVisible = 0;
			defaultConfigurationName = Release;
		};
		1191A1422B7202B5005CD4F5 /* Build configuration list for PBXNativeTarget "SampleMVC" */ = {
			isa = XCConfigurationList;
			buildConfigurations = (
				1191A1432B7202B5005CD4F5 /* Debug */,
				1191A1442B7202B5005CD4F5 /* Release */,
			);
			defaultConfigurationIsVisible = 0;
			defaultConfigurationName = Release;
		};
/* End XCConfigurationList section */
	};
	rootObject = 1191A1262B7202B2005CD4F5 /* Project object */;
}
